version = 1
revision = 3
requires-python = ">=3.11, <3.13"

[[package]]
name = "duck-remote"
version = "0.1.0"
source = { editable = "." }
dependencies = [
    { name = "pygame" },
]

[package.metadata]
requires-dist = [{ name = "pygame", specifier = "==2.6.0" }]

[[package]]
name = "pygame"
version = "2.6.0"
source = { registry = "https://pypi.org/simple" }
sdist = { url = "https://files.pythonhosted.org/packages/72/49/bd2fcbadb6a55bb24284bad4f530189401c99ffc234d51ba54756a776eb2/pygame-2.6.0.tar.gz", hash = "sha256:722d33ae676aa8533c1f955eded966411298831346b8d51a77dad22e46ba3e35", size = 15787643, upload-time = "2024-06-25T13:57:23.771Z" }
wheels = [
    { url = "https://files.pythonhosted.org/packages/f7/b2/fd8930d12d5a3b13b30ddfe165c1b7fad749c252d6a0b36e2ae4de935061/pygame-2.6.0-cp311-cp311-macosx_10_9_x86_64.whl", hash = "sha256:f6e5e6c010b1bf429388acf4d41d7ab2f7ad8fbf241d0db822102d35c9a2eb84", size = 13113344, upload-time = "2024-06-25T13:34:04.779Z" },
    { url = "https://files.pythonhosted.org/packages/6b/37/6c03fadba5af47d7144bbe517488b0f5b0072ad01f093318db1e37a9f34f/pygame-2.6.0-cp311-cp311-macosx_11_0_arm64.whl", hash = "sha256:99902f4a2f6a338057200d99b5120a600c27a9f629ca012a9b0087c045508d08", size = 12378489, upload-time = "2024-06-25T13:34:07.979Z" },
    { url = "https://files.pythonhosted.org/packages/46/38/76ff6e2aea68d1111885055557f67722f5747753e795fdd7089af0e385d1/pygame-2.6.0-cp311-cp311-manylinux_2_17_aarch64.manylinux2014_aarch64.whl", hash = "sha256:6a284664978a1989c1e31a0888b2f70cfbcbafdfa3bb310e750b0d3366416225", size = 13612062, upload-time = "2024-06-25T13:22:53.262Z" },
    { url = "https://files.pythonhosted.org/packages/ef/32/ee17873eb1d024cd3c9a30d79830d8b887a9ac0de98f3ffa87d83ac86fd2/pygame-2.6.0-cp311-cp311-manylinux_2_17_i686.manylinux2014_i686.whl", hash = "sha256:829623cee298b3dbaa1dd9f52c3051ae82f04cad7708c8c67cb9a1a4b8fd3c0b", size = 14300532, upload-time = "2024-06-26T06:02:43.84Z" },
    { url = "https://files.pythonhosted.org/packages/8e/4b/8034e481b7f40026943947d8e81e39d335cea9c649770d309c657b700311/pygame-2.6.0-cp311-cp311-manylinux_2_17_x86_64.manylinux2014_x86_64.whl", hash = "sha256:6acf7949ed764487d51123f4f3606e8f76b0df167fef12ef73ef423c35fdea39", size = 13980535, upload-time = "2024-06-26T06:02:46.405Z" },
    { url = "https://files.pythonhosted.org/packages/07/37/0d83f1689745a187516961ba064654c774d3036582a852be5c9fca347ade/pygame-2.6.0-cp311-cp311-win32.whl", hash = "sha256:3f809560c99bd1fb4716610eca0cd36412528f03da1a63841a347b71d0c604ee", size = 10382186, upload-time = "2024-06-25T13:23:06.118Z" },
    { url = "https://files.pythonhosted.org/packages/1b/e0/edce124be8f73249e6b862e13107adc1f7e3b275ed9468d018026b6fbf91/pygame-2.6.0-cp311-cp311-win_amd64.whl", hash = "sha256:6897ab87f9193510a774a3483e00debfe166f340ca159f544ef99807e2a44ec4", size = 10751841, upload-time = "2024-06-25T13:50:31.374Z" },
    { url = "https://files.pythonhosted.org/packages/37/15/c6c2d48615927ed44b1f4f4b5a26a9e47522946b68438be7177c3471fc64/pygame-2.6.0-cp312-cp312-macosx_10_9_x86_64.whl", hash = "sha256:b834711ebc8b9d0c2a5f9bfae4403dd277b2c61bcb689e1aa630d01a1ebcf40a", size = 13117982, upload-time = "2024-06-25T13:34:11.428Z" },
    { url = "https://files.pythonhosted.org/packages/86/bc/70cc481a735b24a02b13256c0de618c6908dcd3561df518abe6f3c0ad24e/pygame-2.6.0-cp312-cp312-macosx_11_0_arm64.whl", hash = "sha256:b5ac288655e8a31a303cc286e79cc57979ed2ba19c3a14042d4b6391c1d3bed2", size = 12383981, upload-time = "2024-06-25T13:34:14.781Z" },
    { url = "https://files.pythonhosted.org/packages/bd/de/d18d0476dd35c6238cfe66516629ef634976fe0ac9525fa45282f774e219/pygame-2.6.0-cp312-cp312-manylinux_2_17_aarch64.manylinux2014_aarch64.whl", hash = "sha256:d666667b7826b0a7921b8ce0a282ba5281dfa106976c1a3b24e32a0af65ad3b1", size = 13587441, upload-time = "2024-06-25T13:22:56.313Z" },
    { url = "https://files.pythonhosted.org/packages/e8/1f/d3d6dab1956a7a23cef23900a2cae2c738d4662f04cdc90d12235955a575/pygame-2.6.0-cp312-cp312-manylinux_2_17_i686.manylinux2014_i686.whl", hash = "sha256:fd8848a37a7cee37854c7efb8d451334477c9f8ce7ac339c079e724dc1334a76", size = 14280884, upload-time = "2024-06-26T06:02:49.31Z" },
    { url = "https://files.pythonhosted.org/packages/70/da/5c71f05e2d76e0d28153a2d8a52f324908849bf02d70958e5b403ca3ab73/pygame-2.6.0-cp312-cp312-manylinux_2_17_x86_64.manylinux2014_x86_64.whl", hash = "sha256:315e7b3c1c573984f549ac5da9778ac4709b3b4e3a4061050d94eab63fa4fe31", size = 13956091, upload-time = "2024-06-26T06:02:52.09Z" },
    { url = "https://files.pythonhosted.org/packages/2a/16/ec73fd2350df6620f3471c1a7df06bcd392d7ad99823cabe5b82d54b7df8/pygame-2.6.0-cp312-cp312-win32.whl", hash = "sha256:e44bde0840cc21a91c9d368846ac538d106cf0668be1a6030f48df139609d1e8", size = 10383625, upload-time = "2024-06-25T12:49:45.467Z" },
    { url = "https://files.pythonhosted.org/packages/c2/a2/7a4e02e5833e7391ca4e4e08bdda0bdab6672d8ce3ddee433d50297135ec/pygame-2.6.0-cp312-cp312-win_amd64.whl", hash = "sha256:1c429824b1f881a7a5ce3b5c2014d3d182aa45a22cea33c8347a3971a5446907", size = 10754182, upload-time = "2024-06-25T13:27:11.047Z" },
]
